
Microsoft Visual Studio Solution File, Format Version 12.00
# Visual Studio Version 16
VisualStudioVersion = 16.0.30804.86
MinimumVisualStudioVersion = 10.0.40219.1
Project("{FAE04EC0-301F-11D3-BF4B-00C04F79EFBC}") = "Oop2", "Oop2\Oop2.csproj", "{2D30528E-393C-41F1-AA64-6F1A8514D6F7}"
EndProject
Project("{FAE04EC0-301F-11D3-BF4B-00C04F79EFBC}") = "OOP3", "OOP3\OOP3.csproj", "{1E4D0DBC-00C4-4EBE-AA1D-BBAE82FD36F3}"
EndProject
Global
	GlobalSection(SolutionConfigurationPlatforms) = preSolution
		Debug|Any CPU = Debug|Any CPU
		Release|Any CPU = Release|Any CPU
	EndGlobalSection
	GlobalSection(ProjectConfigurationPlatforms) = postSolution
		{2D30528E-393C-41F1-AA64-6F1A8514D6F7}.Debug|Any CPU.ActiveCfg = Debug|Any CPU
		{2D30528E-393C-41F1-AA64-6F1A8514D6F7}.Debug|Any CPU.Build.0 = Debug|Any CPU
		{2D30528E-393C-41F1-AA64-6F1A8514D6F7}.Release|Any CPU.ActiveCfg = Release|Any CPU
		{2D30528E-393C-41F1-AA64-6F1A8514D6F7}.Release|Any CPU.Build.0 = Release|Any CPU
		{1E4D0DBC-00C4-4EBE-AA1D-BBAE82FD36F3}.Debug|Any CPU.ActiveCfg = Debug|Any CPU
		{1E4D0DBC-00C4-4EBE-AA1D-BBAE82FD36F3}.Debug|Any CPU.Build.0 = Debug|Any CPU
		{1E4D0DBC-00C4-4EBE-AA1D-BBAE82FD36F3}.Release|Any CPU.ActiveCfg = Release|Any CPU
		{1E4D0DBC-00C4-4EBE-AA1D-BBAE82FD36F3}.Release|Any CPU.Build.0 = Release|Any CPU
	EndGlobalSection
	GlobalSection(SolutionProperties) = preSolution
		HideSolutionNode = FALSE
	EndGlobalSection
	GlobalSection(ExtensibilityGlobals) = postSolution
		SolutionGuid = {9A53BA7A-20D7-4869-B8CB-D6876E3B2967}
	EndGlobalSection
EndGlobal
